
Microsoft Visual Studio Solution File, Format Version 12.00
# Visual Studio 15
VisualStudioVersion = 15.0.26730.16
MinimumVisualStudioVersion = 10.0.40219.1
Project("{9092AA53-FB77-4645-B42D-1CCCA6BD08BD}") = "ThingyApiReceiver", "ThingyApiReceiver\ThingyApiReceiver.njsproj", "{BFFD0A02-4FAE-4272-911A-CC732032A8FE}"
EndProject
Global
	GlobalSection(SolutionConfigurationPlatforms) = preSolution
		Debug|Any CPU = Debug|Any CPU
		Release|Any CPU = Release|Any CPU
	EndGlobalSection
	GlobalSection(ProjectConfigurationPlatforms) = postSolution
		{BFFD0A02-4FAE-4272-911A-CC732032A8FE}.Debug|Any CPU.ActiveCfg = Debug|Any CPU
		{BFFD0A02-4FAE-4272-911A-CC732032A8FE}.Debug|Any CPU.Build.0 = Debug|Any CPU
		{BFFD0A02-4FAE-4272-911A-CC732032A8FE}.Release|Any CPU.ActiveCfg = Release|Any CPU
		{BFFD0A02-4FAE-4272-911A-CC732032A8FE}.Release|Any CPU.Build.0 = Release|Any CPU
	EndGlobalSection
	GlobalSection(SolutionProperties) = preSolution
		HideSolutionNode = FALSE
	EndGlobalSection
	GlobalSection(ExtensibilityGlobals) = postSolution
		SolutionGuid = {87815E3E-E656-4DEF-A749-781417B313FF}
	EndGlobalSection
EndGlobal
